PODS:
  - DNSPageView (1.5.0)
  - JXPagingView/Paging (2.0.6)
  - Kingfisher (5.13.2):
    - Kingfisher/Core (= 5.13.2)
  - Kingfisher/Core (5.13.2)
  - LLCycleScrollView (1.6.0):
    - Kingfisher
  - MJRefresh (3.4.0)
  - SDWebImage (5.6.1):
    - SDWebImage/Core (= 5.6.1)
  - SDWebImage/Core (5.6.1)
  - SnapKit (5.0.1)
  - ViewAnimator (2.7.0)

DEPENDENCIES:
  - DNSPageView
  - JXPagingView/Paging
  - LLCycleScrollView
  - MJRefresh (= 3.4.0)
  - SDWebImage
  - SnapKit
  - ViewAnimator

SPEC REPOS:
  trunk:
    - DNSPageView
    - JXPagingView
    - Kingfisher
    - LLCycleScrollView
    - MJRefresh
    - SDWebImage
    - SnapKit
    - ViewAnimator

SPEC CHECKSUMS:
  DNSPageView: e3dc48f07c40f061d285150ab0cdc466f913230d
  JXPagingView: 5851fb8cc964d0cbd93e9611077f7bc1fca05fee
  Kingfisher: d342c8354c10c3d85a27d6d4c42c41285924b898
  LLCycleScrollView: a08f666671f9fd1a205df9defebc3c217d59abc8
  MJRefresh: 95b08b3b8b6457d2c69510439e0349599050ea34
  SDWebImage: 7edb9c3ea661e77a66661f7f044de8c1b55d1120
  SnapKit: 97b92857e3df3a0c71833cce143274bf6ef8e5eb
  ViewAnimator: 5af1c6f3b310f012bf081259c43717aa54fbae73

PODFILE CHECKSUM: 4f61b7df28f002f452ff9c2a40b631060c35a653

COCOAPODS: 1.8.4
